deedles.dev/wlr v0.0.0-20250321002055-d5699d447b5c h1:Wmtlie1l10c2cPMpXO/k5jneH3n97HmwEdtCbk6d3ow=
deedles.dev/wlr v0.0.0-20250321002055-d5699d447b5c/go.mod h1:CAiheor7eTJwm80MoSHAR9iIJtnpnDE2VGTUw30OiFc=
deedles.dev/ximage v0.0.0-20250321002604-9fc93f3c0d3c h1:tMFXQECCS2B6Os36yfhJ98aNhroQde5brv2vSf0JRPQ=
deedles.dev/ximage v0.0.0-20250321002604-9fc93f3c0d3c/go.mod h1:YnxyYpjiUD7yhS14uOWihIJ+GaB6wZFeOk3RwR8p4SM=
deedles.dev/xiter v0.2.1 h1:yyyfo1sDwARp5lyMvILBJpEI28sIFN0TNYagAdBUa+s=
deedles.dev/xiter v0.2.1/go.mod h1:59997UHUsKAy/8bHUClTfeXdyuLZ6z/+yF++vIpxfx8=
golang.org/x/image v0.25.0 h1:Y6uW6rH1y5y/LK1J8BPWZtr6yZ7hrsy6hFrXjgsc2fQ=
golang.org/x/image v0.25.0/go.mod h1:tCAmOEGthTtkalusGp1g3xa2gke8J6c2N565dTyl9Rs=
golang.org/x/text v0.23.0 h1:D71I7dUrlY+VX0gQShAThNGHFxZ13dGLBHQLVl1mJlY=
golang.org/x/text v0.23.0/go.mod h1:/BLNzu4aZCJ1+kcD0DNRotWKage4q2rGVAg4o22unh4=
