deedles.dev/wlr v0.0.0-20220512203248-9da35bff0743 h1:wCeJfpKyi2rCK/oXI8VwMVu38p8QVzZv1ikf1UdOA+c=
deedles.dev/wlr v0.0.0-20220512203248-9da35bff0743/go.mod h1:LmadgvQ3D/gdbHEte73gY+aTsWsySoeIQeFQrcApSXc=
golang.org/x/exp v0.0.0-20220428152302-39d4317da171 h1:TfdoLivD44QwvssI9Sv1xwa5DcL5XQr4au4sZ2F2NV4=
golang.org/x/exp v0.0.0-20220428152302-39d4317da171/go.mod h1:lgLbSvA5ygNOMpwM/9anMpWVlVJ7Z+cHWq/eFuinpGE=
golang.org/x/image v0.0.0-20220413100746-70e8d0d3baa9 h1:LRtI4W37N+KFebI/qV0OFiLUv4GLOWeEW5hn/KEJvxE=
golang.org/x/image v0.0.0-20220413100746-70e8d0d3baa9/go.mod h1:023OzeP/+EPmXeapQh35lcL3II3LrY8Ic+EFFKVhULM=
golang.org/x/text v0.3.6/go.mod h1:5Zoc/QRtKVWzQhOtBMvqHzDpF6irO9z98xDceosuGiQ=
golang.org/x/text v0.3.8-0.20220509174342-b4bca84b0361 h1:h+pU/hCb7sEApigI6eII3/Emx5ZHaFWS+nulUp0Az/k=
golang.org/x/text v0.3.8-0.20220509174342-b4bca84b0361/go.mod h1:5O0TPrbzDRCcAYs9rc2W4CFPmVHJfNFe8tESfECPJPE=
golang.org/x/tools v0.0.0-20180917221912-90fa682c2a6e/go.mod h1:n7NCudcB/nEzxVGmLbDWY5pfWTLqBcC2KZ6jyYvM4mQ=
